
Microsoft Visual Studio Solution File, Format Version 12.00
# Visual Studio Version 17
VisualStudioVersion = 17.6.33717.318
MinimumVisualStudioVersion = 10.0.40219.1
Project("{2150E333-8FDC-42A3-9474-1A3956D46DE8}") = "App.Web", "App.Web", "{287398FA-9584-4BD3-941C-823505CD7E0F}"
EndProject
Project("{2150E333-8FDC-42A3-9474-1A3956D46DE8}") = "Common", "Common", "{2FB7BB0B-9B74-4223-8985-62091A814A49}"
EndProject
Project("{9A19103F-16F7-4668-BE54-9A1E7A4F7556}") = "Common.Core", "Common\Common.Core\Common.Core.csproj", "{FD3198A7-95C9-4B16-81D0-8829A50C0D98}"
EndProject
Project("{9A19103F-16F7-4668-BE54-9A1E7A4F7556}") = "Common.Data", "Common\Common.Data\Common.Data.csproj", "{DE7FA8A8-B792-4F04-8A52-20F5172870CE}"
EndProject
Project("{9A19103F-16F7-4668-BE54-9A1E7A4F7556}") = "App.Admin.Web", "App.Web\App.Admin.Web\App.Admin.Web.csproj", "{2C820980-D3D0-4CE9-B987-07EB2305FCEE}"
EndProject
Project("{2150E333-8FDC-42A3-9474-1A3956D46DE8}") = "Todo", "Todo", "{B57FBF2C-BAE8-4302-9202-8BDBF838CA7C}"
	ProjectSection(SolutionItems) = preProject
		Todo.txt = Todo.txt
	EndProjectSection
EndProject
Global
	GlobalSection(SolutionConfigurationPlatforms) = preSolution
		Debug|Any CPU = Debug|Any CPU
		Release|Any CPU = Release|Any CPU
	EndGlobalSection
	GlobalSection(ProjectConfigurationPlatforms) = postSolution
		{FD3198A7-95C9-4B16-81D0-8829A50C0D98}.Debug|Any CPU.ActiveCfg = Debug|Any CPU
		{FD3198A7-95C9-4B16-81D0-8829A50C0D98}.Debug|Any CPU.Build.0 = Debug|Any CPU
		{FD3198A7-95C9-4B16-81D0-8829A50C0D98}.Release|Any CPU.ActiveCfg = Release|Any CPU
		{FD3198A7-95C9-4B16-81D0-8829A50C0D98}.Release|Any CPU.Build.0 = Release|Any CPU
		{DE7FA8A8-B792-4F04-8A52-20F5172870CE}.Debug|Any CPU.ActiveCfg = Debug|Any CPU
		{DE7FA8A8-B792-4F04-8A52-20F5172870CE}.Debug|Any CPU.Build.0 = Debug|Any CPU
		{DE7FA8A8-B792-4F04-8A52-20F5172870CE}.Release|Any CPU.ActiveCfg = Release|Any CPU
		{DE7FA8A8-B792-4F04-8A52-20F5172870CE}.Release|Any CPU.Build.0 = Release|Any CPU
		{2C820980-D3D0-4CE9-B987-07EB2305FCEE}.Debug|Any CPU.ActiveCfg = Debug|Any CPU
		{2C820980-D3D0-4CE9-B987-07EB2305FCEE}.Debug|Any CPU.Build.0 = Debug|Any CPU
		{2C820980-D3D0-4CE9-B987-07EB2305FCEE}.Release|Any CPU.ActiveCfg = Release|Any CPU
		{2C820980-D3D0-4CE9-B987-07EB2305FCEE}.Release|Any CPU.Build.0 = Release|Any CPU
	EndGlobalSection
	GlobalSection(SolutionProperties) = preSolution
		HideSolutionNode = FALSE
	EndGlobalSection
	GlobalSection(NestedProjects) = preSolution
		{FD3198A7-95C9-4B16-81D0-8829A50C0D98} = {2FB7BB0B-9B74-4223-8985-62091A814A49}
		{DE7FA8A8-B792-4F04-8A52-20F5172870CE} = {2FB7BB0B-9B74-4223-8985-62091A814A49}
		{2C820980-D3D0-4CE9-B987-07EB2305FCEE} = {287398FA-9584-4BD3-941C-823505CD7E0F}
	EndGlobalSection
	GlobalSection(ExtensibilityGlobals) = postSolution
		SolutionGuid = {EA57088A-4C0B-4E1D-B0D1-6559136D7CC7}
	EndGlobalSection
EndGlobal
